
Microsoft Visual Studio Solution File, Format Version 12.00
# Visual Studio 15
Project("{FAE04EC0-301F-11D3-BF4B-00C04F79EFBC}") = "SkiaSharpLearning.Android", "SkiaSharpLearning.Android\SkiaSharpLearning.Android.csproj", "{71DFE077-4AED-4011-B652-4DC0AC19EC78}"
EndProject
Project("{FAE04EC0-301F-11D3-BF4B-00C04F79EFBC}") = "SkiaSharpLearning.iOS", "SkiaSharpLearning.iOS\SkiaSharpLearning.iOS.csproj", "{80A12AB6-A1AE-41CD-8603-94C7F59F6CE4}"
EndProject
Project("{FAE04EC0-301F-11D3-BF4B-00C04F79EFBC}") = "SkiaSharpLearning", "SkiaSharpLearning\SkiaSharpLearning.csproj", "{5298BE95-A636-433D-B88F-5A7F5D2F414C}"
EndProject
Global
	GlobalSection(SolutionConfigurationPlatforms) = preSolution
		Debug|Any CPU = Debug|Any CPU
		Release|Any CPU = Release|Any CPU
		Debug|iPhoneSimulator = Debug|iPhoneSimulator
		Release|iPhoneSimulator = Release|iPhoneSimulator
		Debug|iPhone = Debug|iPhone
		Release|iPhone = Release|iPhone
	EndGlobalSection
	GlobalSection(ProjectConfigurationPlatforms) = postSolution
		{71DFE077-4AED-4011-B652-4DC0AC19EC78}.Debug|Any CPU.ActiveCfg = Debug|Any CPU
		{71DFE077-4AED-4011-B652-4DC0AC19EC78}.Debug|Any CPU.Build.0 = Debug|Any CPU
		{71DFE077-4AED-4011-B652-4DC0AC19EC78}.Release|Any CPU.ActiveCfg = Release|Any CPU
		{71DFE077-4AED-4011-B652-4DC0AC19EC78}.Release|Any CPU.Build.0 = Release|Any CPU
		{71DFE077-4AED-4011-B652-4DC0AC19EC78}.Debug|iPhoneSimulator.ActiveCfg = Debug|Any CPU
		{71DFE077-4AED-4011-B652-4DC0AC19EC78}.Debug|iPhoneSimulator.Build.0 = Debug|Any CPU
		{71DFE077-4AED-4011-B652-4DC0AC19EC78}.Release|iPhoneSimulator.ActiveCfg = Release|Any CPU
		{71DFE077-4AED-4011-B652-4DC0AC19EC78}.Release|iPhoneSimulator.Build.0 = Release|Any CPU
		{71DFE077-4AED-4011-B652-4DC0AC19EC78}.Debug|iPhone.ActiveCfg = Debug|Any CPU
		{71DFE077-4AED-4011-B652-4DC0AC19EC78}.Debug|iPhone.Build.0 = Debug|Any CPU
		{71DFE077-4AED-4011-B652-4DC0AC19EC78}.Release|iPhone.ActiveCfg = Release|Any CPU
		{71DFE077-4AED-4011-B652-4DC0AC19EC78}.Release|iPhone.Build.0 = Release|Any CPU
		{80A12AB6-A1AE-41CD-8603-94C7F59F6CE4}.Debug|Any CPU.ActiveCfg = Debug|iPhoneSimulator
		{80A12AB6-A1AE-41CD-8603-94C7F59F6CE4}.Debug|Any CPU.Build.0 = Debug|iPhoneSimulator
		{80A12AB6-A1AE-41CD-8603-94C7F59F6CE4}.Release|Any CPU.ActiveCfg = Release|iPhoneSimulator
		{80A12AB6-A1AE-41CD-8603-94C7F59F6CE4}.Release|Any CPU.Build.0 = Release|iPhoneSimulator
		{80A12AB6-A1AE-41CD-8603-94C7F59F6CE4}.Debug|iPhoneSimulator.ActiveCfg = Debug|iPhoneSimulator
		{80A12AB6-A1AE-41CD-8603-94C7F59F6CE4}.Debug|iPhoneSimulator.Build.0 = Debug|iPhoneSimulator
		{80A12AB6-A1AE-41CD-8603-94C7F59F6CE4}.Release|iPhoneSimulator.ActiveCfg = Release|iPhoneSimulator
		{80A12AB6-A1AE-41CD-8603-94C7F59F6CE4}.Release|iPhoneSimulator.Build.0 = Release|iPhoneSimulator
		{80A12AB6-A1AE-41CD-8603-94C7F59F6CE4}.Debug|iPhone.ActiveCfg = Debug|iPhone
		{80A12AB6-A1AE-41CD-8603-94C7F59F6CE4}.Debug|iPhone.Build.0 = Debug|iPhone
		{80A12AB6-A1AE-41CD-8603-94C7F59F6CE4}.Release|iPhone.ActiveCfg = Release|iPhone
		{80A12AB6-A1AE-41CD-8603-94C7F59F6CE4}.Release|iPhone.Build.0 = Release|iPhone
		{5298BE95-A636-433D-B88F-5A7F5D2F414C}.Debug|Any CPU.ActiveCfg = Debug|Any CPU
		{5298BE95-A636-433D-B88F-5A7F5D2F414C}.Debug|Any CPU.Build.0 = Debug|Any CPU
		{5298BE95-A636-433D-B88F-5A7F5D2F414C}.Release|Any CPU.ActiveCfg = Release|Any CPU
		{5298BE95-A636-433D-B88F-5A7F5D2F414C}.Release|Any CPU.Build.0 = Release|Any CPU
		{5298BE95-A636-433D-B88F-5A7F5D2F414C}.Debug|iPhoneSimulator.ActiveCfg = Debug|Any CPU
		{5298BE95-A636-433D-B88F-5A7F5D2F414C}.Debug|iPhoneSimulator.Build.0 = Debug|Any CPU
		{5298BE95-A636-433D-B88F-5A7F5D2F414C}.Release|iPhoneSimulator.ActiveCfg = Release|Any CPU
		{5298BE95-A636-433D-B88F-5A7F5D2F414C}.Release|iPhoneSimulator.Build.0 = Release|Any CPU
		{5298BE95-A636-433D-B88F-5A7F5D2F414C}.Debug|iPhone.ActiveCfg = Debug|Any CPU
		{5298BE95-A636-433D-B88F-5A7F5D2F414C}.Debug|iPhone.Build.0 = Debug|Any CPU
		{5298BE95-A636-433D-B88F-5A7F5D2F414C}.Release|iPhone.ActiveCfg = Release|Any CPU
		{5298BE95-A636-433D-B88F-5A7F5D2F414C}.Release|iPhone.Build.0 = Release|Any CPU
	EndGlobalSection
EndGlobal
